// !$*UTF8*$!
{
	archiveVersion = 1;
	classes = {
	};
	objectVersion = 56;
	objects = {

/* Begin PBXBuildFile section */
		370696D42B03A5F000B1D172 /* WishlistViewModel.swift in Sources */ = {isa = PBXBuildFile; fileRef = 370696D32B03A5F000B1D172 /* WishlistViewModel.swift */; };
		370696D62B03A7E900B1D172 /* WishlistView.swift in Sources */ = {isa = PBXBuildFile; fileRef = 370696D52B03A7E900B1D172 /* WishlistView.swift */; };
		370696D82B03B02900B1D172 /* OrderViewModel.swift in Sources */ = {isa = PBXBuildFile; fileRef = 370696D72B03B02900B1D172 /* OrderViewModel.swift */; };
		371CC2032AFEE884004FE52C /* ShoppingAppApp.swift in Sources */ = {isa = PBXBuildFile; fileRef = 371CC2022AFEE884004FE52C /* ShoppingAppApp.swift */; };
		371CC2052AFEE884004FE52C /* ContentView.swift in Sources */ = {isa = PBXBuildFile; fileRef = 371CC2042AFEE884004FE52C /* ContentView.swift */; };
		371CC2072AFEE887004FE52C /* Assets.xcassets in Resources */ = {isa = PBXBuildFile; fileRef = 371CC2062AFEE887004FE52C /* Assets.xcassets */; };
		371CC20A2AFEE887004FE52C /* Preview Assets.xcassets in Resources */ = {isa = PBXBuildFile; fileRef = 371CC2092AFEE887004FE52C /* Preview Assets.xcassets */; };
		371CC2142AFEE887004FE52C /* ShoppingAppTests.swift in Sources */ = {isa = PBXBuildFile; fileRef = 371CC2132AFEE887004FE52C /* ShoppingAppTests.swift */; };
		371CC21E2AFEE887004FE52C /* ShoppingAppUITests.swift in Sources */ = {isa = PBXBuildFile; fileRef = 371CC21D2AFEE887004FE52C /* ShoppingAppUITests.swift */; };
		371CC2202AFEE887004FE52C /* ShoppingAppUITestsLaunchTests.swift in Sources */ = {isa = PBXBuildFile; fileRef = 371CC21F2AFEE887004FE52C /* ShoppingAppUITestsLaunchTests.swift */; };
		374F67442B029CC7005A959E /* Order.swift in Sources */ = {isa = PBXBuildFile; fileRef = 374F67432B029CC7005A959E /* Order.swift */; };
		374F67482B02A9DE005A959E /* CartViewModel.swift in Sources */ = {isa = PBXBuildFile; fileRef = 374F67472B02A9DE005A959E /* CartViewModel.swift */; };
		374F674C2B02AC7A005A959E /* FileManager.swift in Sources */ = {isa = PBXBuildFile; fileRef = 374F674B2B02AC7A005A959E /* FileManager.swift */; };
		374F674E2B02E944005A959E /* CartView.swift in Sources */ = {isa = PBXBuildFile; fileRef = 374F674D2B02E944005A959E /* CartView.swift */; };
		375F7A472B01163600070710 /* ErrorView.swift in Sources */ = {isa = PBXBuildFile; fileRef = 375F7A462B01163600070710 /* ErrorView.swift */; };
		375F7A492B0150A000070710 /* DetailProductView.swift in Sources */ = {isa = PBXBuildFile; fileRef = 375F7A482B0150A000070710 /* DetailProductView.swift */; };
		3766AAF72B102D3C0011FF4D /* MyAccountView.swift in Sources */ = {isa = PBXBuildFile; fileRef = 3766AAF62B102D3C0011FF4D /* MyAccountView.swift */; };
		377185F72B0E59D300680073 /* CategoryView.swift in Sources */ = {isa = PBXBuildFile; fileRef = 377185F62B0E59D300680073 /* CategoryView.swift */; };
		377185F92B0EC6F000680073 /* ProductViewByCategory.swift in Sources */ = {isa = PBXBuildFile; fileRef = 377185F82B0EC6F000680073 /* ProductViewByCategory.swift */; };
		377185FB2B0EE9CD00680073 /* CheckoutView.swift in Sources */ = {isa = PBXBuildFile; fileRef = 377185FA2B0EE9CD00680073 /* CheckoutView.swift */; };
		377444982B0C4D7A0051CADB /* LaunchView.swift in Sources */ = {isa = PBXBuildFile; fileRef = 377444972B0C4D7A0051CADB /* LaunchView.swift */; };
		37A968232AFFC9DA00ADBA4A /* Product.swift in Sources */ = {isa = PBXBuildFile; fileRef = 37A968222AFFC9DA00ADBA4A /* Product.swift */; };
		37A968262AFFCEB400ADBA4A /* ProductsViewModel.swift in Sources */ = {isa = PBXBuildFile; fileRef = 37A968252AFFCEB400ADBA4A /* ProductsViewModel.swift */; };
		37A968292AFFD3A800ADBA4A /* NetworkStore.swift in Sources */ = {isa = PBXBuildFile; fileRef = 37A968282AFFD3A800ADBA4A /* NetworkStore.swift */; };
		37A9682C2AFFD6DD00ADBA4A /* AllProductView.swift in Sources */ = {isa = PBXBuildFile; fileRef = 37A9682B2AFFD6DD00ADBA4A /* AllProductView.swift */; };
/* End PBXBuildFile section */

/* Begin PBXContainerItemProxy section */
		371CC2102AFEE887004FE52C /* PBXContainerItemProxy */ = {
			isa = PBXContainerItemProxy;
			containerPortal = 371CC1F72AFEE884004FE52C /* Project object */;
			proxyType = 1;
			remoteGlobalIDString = 371CC1FE2AFEE884004FE52C;
			remoteInfo = ShoppingApp;
		};
		371CC21A2AFEE887004FE52C /* PBXContainerItemProxy */ = {
			isa = PBXContainerItemProxy;
			containerPortal = 371CC1F72AFEE884004FE52C /* Project object */;
			proxyType = 1;
			remoteGlobalIDString = 371CC1FE2AFEE884004FE52C;
			remoteInfo = ShoppingApp;
		};
/* End PBXContainerItemProxy section */

/* Begin PBXFileReference section */
		370696D32B03A5F000B1D172 /* WishlistViewModel.swift */ = {isa = PBXFileReference; lastKnownFileType = sourcecode.swift; path = WishlistViewModel.swift; sourceTree = "<group>"; };
		370696D52B03A7E900B1D172 /* WishlistView.swift */ = {isa = PBXFileReference; lastKnownFileType = sourcecode.swift; path = WishlistView.swift; sourceTree = "<group>"; };
		370696D72B03B02900B1D172 /* OrderViewModel.swift */ = {isa = PBXFileReference; lastKnownFileType = sourcecode.swift; path = OrderViewModel.swift; sourceTree = "<group>"; };
		371CC1FF2AFEE884004FE52C /* ShoppingApp.app */ = {isa = PBXFileReference; explicitFileType = wrapper.application; includeInIndex = 0; path = ShoppingApp.app; sourceTree = BUILT_PRODUCTS_DIR; };
		371CC2022AFEE884004FE52C /* ShoppingAppApp.swift */ = {isa = PBXFileReference; lastKnownFileType = sourcecode.swift; path = ShoppingAppApp.swift; sourceTree = "<group>"; };
		371CC2042AFEE884004FE52C /* ContentView.swift */ = {isa = PBXFileReference; lastKnownFileType = sourcecode.swift; path = ContentView.swift; sourceTree = "<group>"; };
		371CC2062AFEE887004FE52C /* Assets.xcassets */ = {isa = PBXFileReference; lastKnownFileType = folder.assetcatalog; path = Assets.xcassets; sourceTree = "<group>"; };
		371CC2092AFEE887004FE52C /* Preview Assets.xcassets */ = {isa = PBXFileReference; lastKnownFileType = folder.assetcatalog; path = "Preview Assets.xcassets"; sourceTree = "<group>"; };
		371CC20F2AFEE887004FE52C /* ShoppingAppTests.xctest */ = {isa = PBXFileReference; explicitFileType = wrapper.cfbundle; includeInIndex = 0; path = ShoppingAppTests.xctest; sourceTree = BUILT_PRODUCTS_DIR; };
		371CC2132AFEE887004FE52C /* ShoppingAppTests.swift */ = {isa = PBXFileReference; lastKnownFileType = sourcecode.swift; path = ShoppingAppTests.swift; sourceTree = "<group>"; };
		371CC2192AFEE887004FE52C /* ShoppingAppUITests.xctest */ = {isa = PBXFileReference; explicitFileType = wrapper.cfbundle; includeInIndex = 0; path = ShoppingAppUITests.xctest; sourceTree = BUILT_PRODUCTS_DIR; };
		371CC21D2AFEE887004FE52C /* ShoppingAppUITests.swift */ = {isa = PBXFileReference; lastKnownFileType = sourcecode.swift; path = ShoppingAppUITests.swift; sourceTree = "<group>"; };
		371CC21F2AFEE887004FE52C /* ShoppingAppUITestsLaunchTests.swift */ = {isa = PBXFileReference; lastKnownFileType = sourcecode.swift; path = ShoppingAppUITestsLaunchTests.swift; sourceTree = "<group>"; };
		374F67432B029CC7005A959E /* Order.swift */ = {isa = PBXFileReference; lastKnownFileType = sourcecode.swift; path = Order.swift; sourceTree = "<group>"; };
		374F67472B02A9DE005A959E /* CartViewModel.swift */ = {isa = PBXFileReference; lastKnownFileType = sourcecode.swift; path = CartViewModel.swift; sourceTree = "<group>"; };
		374F674B2B02AC7A005A959E /* FileManager.swift */ = {isa = PBXFileReference; lastKnownFileType = sourcecode.swift; path = FileManager.swift; sourceTree = "<group>"; };
		374F674D2B02E944005A959E /* CartView.swift */ = {isa = PBXFileReference; lastKnownFileType = sourcecode.swift; path = CartView.swift; sourceTree = "<group>"; };
		375F7A462B01163600070710 /* ErrorView.swift */ = {isa = PBXFileReference; lastKnownFileType = sourcecode.swift; path = ErrorView.swift; sourceTree = "<group>"; };
		375F7A482B0150A000070710 /* DetailProductView.swift */ = {isa = PBXFileReference; lastKnownFileType = sourcecode.swift; path = DetailProductView.swift; sourceTree = "<group>"; };
		3766AAF62B102D3C0011FF4D /* MyAccountView.swift */ = {isa = PBXFileReference; lastKnownFileType = sourcecode.swift; path = MyAccountView.swift; sourceTree = "<group>"; };
		377185F62B0E59D300680073 /* CategoryView.swift */ = {isa = PBXFileReference; lastKnownFileType = sourcecode.swift; path = CategoryView.swift; sourceTree = "<group>"; };
		377185F82B0EC6F000680073 /* ProductViewByCategory.swift */ = {isa = PBXFileReference; lastKnownFileType = sourcecode.swift; path = ProductViewByCategory.swift; sourceTree = "<group>"; };
		377185FA2B0EE9CD00680073 /* CheckoutView.swift */ = {isa = PBXFileReference; lastKnownFileType = sourcecode.swift; path = CheckoutView.swift; sourceTree = "<group>"; };
		377444972B0C4D7A0051CADB /* LaunchView.swift */ = {isa = PBXFileReference; lastKnownFileType = sourcecode.swift; path = LaunchView.swift; sourceTree = "<group>"; };
		37A968222AFFC9DA00ADBA4A /* Product.swift */ = {isa = PBXFileReference; lastKnownFileType = sourcecode.swift; path = Product.swift; sourceTree = "<group>"; };
		37A968252AFFCEB400ADBA4A /* ProductsViewModel.swift */ = {isa = PBXFileReference; lastKnownFileType = sourcecode.swift; path = ProductsViewModel.swift; sourceTree = "<group>"; };
		37A968282AFFD3A800ADBA4A /* NetworkStore.swift */ = {isa = PBXFileReference; lastKnownFileType = sourcecode.swift; path = NetworkStore.swift; sourceTree = "<group>"; };
		37A9682B2AFFD6DD00ADBA4A /* AllProductView.swift */ = {isa = PBXFileReference; lastKnownFileType = sourcecode.swift; path = AllProductView.swift; sourceTree = "<group>"; };
/* End PBXFileReference section */

/* Begin PBXFrameworksBuildPhase section */
		371CC1FC2AFEE884004FE52C /* Frameworks */ = {
			isa = PBXFrameworksBuildPhase;
			buildActionMask = 2147483647;
			files = (
			);
			runOnlyForDeploymentPostprocessing = 0;
		};
		371CC20C2AFEE887004FE52C /* Frameworks */ = {
			isa = PBXFrameworksBuildPhase;
			buildActionMask = 2147483647;
			files = (
			);
			runOnlyForDeploymentPostprocessing = 0;
		};
		371CC2162AFEE887004FE52C /* Frameworks */ = {
			isa = PBXFrameworksBuildPhase;
			buildActionMask = 2147483647;
			files = (
			);
			runOnlyForDeploymentPostprocessing = 0;
		};
/* End PBXFrameworksBuildPhase section */

/* Begin PBXGroup section */
		371CC1F62AFEE884004FE52C = {
			isa = PBXGroup;
			children = (
				371CC2012AFEE884004FE52C /* ShoppingApp */,
				371CC2122AFEE887004FE52C /* ShoppingAppTests */,
				371CC21C2AFEE887004FE52C /* ShoppingAppUITests */,
				371CC2002AFEE884004FE52C /* Products */,
			);
			sourceTree = "<group>";
		};
		371CC2002AFEE884004FE52C /* Products */ = {
			isa = PBXGroup;
			children = (
				371CC1FF2AFEE884004FE52C /* ShoppingApp.app */,
				371CC20F2AFEE887004FE52C /* ShoppingAppTests.xctest */,
				371CC2192AFEE887004FE52C /* ShoppingAppUITests.xctest */,
			);
			name = Products;
			sourceTree = "<group>";
		};
		371CC2012AFEE884004FE52C /* ShoppingApp */ = {
			isa = PBXGroup;
			children = (
				374F67492B02AC4A005A959E /* Source */,
				37A9682A2AFFD6A700ADBA4A /* Views */,
				37A968272AFFD33B00ADBA4A /* Store */,
				37A968242AFFCE4600ADBA4A /* ViewModel */,
				37A968212AFFC9A300ADBA4A /* Models */,
				371CC2022AFEE884004FE52C /* ShoppingAppApp.swift */,
				371CC2042AFEE884004FE52C /* ContentView.swift */,
				371CC2062AFEE887004FE52C /* Assets.xcassets */,
				371CC2082AFEE887004FE52C /* Preview Content */,
			);
			path = ShoppingApp;
			sourceTree = "<group>";
		};
		371CC2082AFEE887004FE52C /* Preview Content */ = {
			isa = PBXGroup;
			children = (
				371CC2092AFEE887004FE52C /* Preview Assets.xcassets */,
			);
			path = "Preview Content";
			sourceTree = "<group>";
		};
		371CC2122AFEE887004FE52C /* ShoppingAppTests */ = {
			isa = PBXGroup;
			children = (
				371CC2132AFEE887004FE52C /* ShoppingAppTests.swift */,
			);
			path = ShoppingAppTests;
			sourceTree = "<group>";
		};
		371CC21C2AFEE887004FE52C /* ShoppingAppUITests */ = {
			isa = PBXGroup;
			children = (
				371CC21D2AFEE887004FE52C /* ShoppingAppUITests.swift */,
				371CC21F2AFEE887004FE52C /* ShoppingAppUITestsLaunchTests.swift */,
			);
			path = ShoppingAppUITests;
			sourceTree = "<group>";
		};
		374F67492B02AC4A005A959E /* Source */ = {
			isa = PBXGroup;
			children = (
				374F674A2B02AC58005A959E /* Extension */,
			);
			path = Source;
			sourceTree = "<group>";
		};
		374F674A2B02AC58005A959E /* Extension */ = {
			isa = PBXGroup;
			children = (
				374F674B2B02AC7A005A959E /* FileManager.swift */,
			);
			path = Extension;
			sourceTree = "<group>";
		};
		37A968212AFFC9A300ADBA4A /* Models */ = {
			isa = PBXGroup;
			children = (
				37A968222AFFC9DA00ADBA4A /* Product.swift */,
				374F67432B029CC7005A959E /* Order.swift */,
			);
			path = Models;
			sourceTree = "<group>";
		};
		37A968242AFFCE4600ADBA4A /* ViewModel */ = {
			isa = PBXGroup;
			children = (
				37A968252AFFCEB400ADBA4A /* ProductsViewModel.swift */,
				374F67472B02A9DE005A959E /* CartViewModel.swift */,
				370696D32B03A5F000B1D172 /* WishlistViewModel.swift */,
				370696D72B03B02900B1D172 /* OrderViewModel.swift */,
			);
			path = ViewModel;
			sourceTree = "<group>";
		};
		37A968272AFFD33B00ADBA4A /* Store */ = {
			isa = PBXGroup;
			children = (
				37A968282AFFD3A800ADBA4A /* NetworkStore.swift */,
			);
			path = Store;
			sourceTree = "<group>";
		};
		37A9682A2AFFD6A700ADBA4A /* Views */ = {
			isa = PBXGroup;
			children = (
				37A9682B2AFFD6DD00ADBA4A /* AllProductView.swift */,
				375F7A462B01163600070710 /* ErrorView.swift */,
				375F7A482B0150A000070710 /* DetailProductView.swift */,
				374F674D2B02E944005A959E /* CartView.swift */,
				370696D52B03A7E900B1D172 /* WishlistView.swift */,
				377444972B0C4D7A0051CADB /* LaunchView.swift */,
				377185F62B0E59D300680073 /* CategoryView.swift */,
				377185F82B0EC6F000680073 /* ProductViewByCategory.swift */,
				377185FA2B0EE9CD00680073 /* CheckoutView.swift */,
				3766AAF62B102D3C0011FF4D /* MyAccountView.swift */,
			);
			path = Views;
			sourceTree = "<group>";
		};
/* End PBXGroup section */

/* Begin PBXNativeTarget section */
		371CC1FE2AFEE884004FE52C /* ShoppingApp */ = {
			isa = PBXNativeTarget;
			buildConfigurationList = 371CC2232AFEE887004FE52C /* Build configuration list for PBXNativeTarget "ShoppingApp" */;
			buildPhases = (
				371CC22D2AFEEF3C004FE52C /* ShellScript */,
				371CC1FB2AFEE884004FE52C /* Sources */,
				371CC1FC2AFEE884004FE52C /* Frameworks */,
				371CC1FD2AFEE884004FE52C /* Resources */,
			);
			buildRules = (
			);
			dependencies = (
			);
			name = ShoppingApp;
			productName = ShoppingApp;
			productReference = 371CC1FF2AFEE884004FE52C /* ShoppingApp.app */;
			productType = "com.apple.product-type.application";
		};
		371CC20E2AFEE887004FE52C /* ShoppingAppTests */ = {
			isa = PBXNativeTarget;
			buildConfigurationList = 371CC2262AFEE887004FE52C /* Build configuration list for PBXNativeTarget "ShoppingAppTests" */;
			buildPhases = (
				371CC20B2AFEE887004FE52C /* Sources */,
				371CC20C2AFEE887004FE52C /* Frameworks */,
				371CC20D2AFEE887004FE52C /* Resources */,
			);
			buildRules = (
			);
			dependencies = (
				371CC2112AFEE887004FE52C /* PBXTargetDependency */,
			);
			name = ShoppingAppTests;
			productName = ShoppingAppTests;
			productReference = 371CC20F2AFEE887004FE52C /* ShoppingAppTests.xctest */;
			productType = "com.apple.product-type.bundle.unit-test";
		};
		371CC2182AFEE887004FE52C /* ShoppingAppUITests */ = {
			isa = PBXNativeTarget;
			buildConfigurationList = 371CC2292AFEE887004FE52C /* Build configuration list for PBXNativeTarget "ShoppingAppUITests" */;
			buildPhases = (
				371CC2152AFEE887004FE52C /* Sources */,
				371CC2162AFEE887004FE52C /* Frameworks */,
				371CC2172AFEE887004FE52C /* Resources */,
			);
			buildRules = (
			);
			dependencies = (
				371CC21B2AFEE887004FE52C /* PBXTargetDependency */,
			);
			name = ShoppingAppUITests;
			productName = ShoppingAppUITests;
			productReference = 371CC2192AFEE887004FE52C /* ShoppingAppUITests.xctest */;
			productType = "com.apple.product-type.bundle.ui-testing";
		};
/* End PBXNativeTarget section */

/* Begin PBXProject section */
		371CC1F72AFEE884004FE52C /* Project object */ = {
			isa = PBXProject;
			attributes = {
				BuildIndependentTargetsInParallel = 1;
				LastSwiftUpdateCheck = 1500;
				LastUpgradeCheck = 1500;
				TargetAttributes = {
					371CC1FE2AFEE884004FE52C = {
						CreatedOnToolsVersion = 15.0.1;
					};
					371CC20E2AFEE887004FE52C = {
						CreatedOnToolsVersion = 15.0.1;
						TestTargetID = 371CC1FE2AFEE884004FE52C;
					};
					371CC2182AFEE887004FE52C = {
						CreatedOnToolsVersion = 15.0.1;
						TestTargetID = 371CC1FE2AFEE884004FE52C;
					};
				};
			};
			buildConfigurationList = 371CC1FA2AFEE884004FE52C /* Build configuration list for PBXProject "ShoppingApp" */;
			compatibilityVersion = "Xcode 14.0";
			developmentRegion = en;
			hasScannedForEncodings = 0;
			knownRegions = (
				en,
				Base,
			);
			mainGroup = 371CC1F62AFEE884004FE52C;
			productRefGroup = 371CC2002AFEE884004FE52C /* Products */;
			projectDirPath = "";
			projectRoot = "";
			targets = (
				371CC1FE2AFEE884004FE52C /* ShoppingApp */,
				371CC20E2AFEE887004FE52C /* ShoppingAppTests */,
				371CC2182AFEE887004FE52C /* ShoppingAppUITests */,
			);
		};
/* End PBXProject section */

/* Begin PBXResourcesBuildPhase section */
		371CC1FD2AFEE884004FE52C /* Resources */ = {
			isa = PBXResourcesBuildPhase;
			buildActionMask = 2147483647;
			files = (
				371CC20A2AFEE887004FE52C /* Preview Assets.xcassets in Resources */,
				371CC2072AFEE887004FE52C /* Assets.xcassets in Resources */,
			);
			runOnlyForDeploymentPostprocessing = 0;
		};
		371CC20D2AFEE887004FE52C /* Resources */ = {
			isa = PBXResourcesBuildPhase;
			buildActionMask = 2147483647;
			files = (
			);
			runOnlyForDeploymentPostprocessing = 0;
		};
		371CC2172AFEE887004FE52C /* Resources */ = {
			isa = PBXResourcesBuildPhase;
			buildActionMask = 2147483647;
			files = (
			);
			runOnlyForDeploymentPostprocessing = 0;
		};
/* End PBXResourcesBuildPhase section */

/* Begin PBXShellScriptBuildPhase section */
		371CC22D2AFEEF3C004FE52C /* ShellScript */ = {
			isa = PBXShellScriptBuildPhase;
			alwaysOutOfDate = 1;
			buildActionMask = 2147483647;
			files = (
			);
			inputFileListPaths = (
			);
			inputPaths = (
			);
			outputFileListPaths = (
			);
			outputPaths = (
			);
			runOnlyForDeploymentPostprocessing = 0;
			shellPath = /bin/sh;
			shellScript = "PATH=/opt/homebrew/bin:$PATH\nif [ -f ~/com.raywenderlich.swiftlint.yml ]; then\n  if which swiftlint >/dev/null; then\n    swiftlint --no-cache --config ~/com.raywenderlich.swiftlint.yml\n  fi\nfi\n";
		};
/* End PBXShellScriptBuildPhase section */

/* Begin PBXSourcesBuildPhase section */
		371CC1FB2AFEE884004FE52C /* Sources */ = {
			isa = PBXSourcesBuildPhase;
			buildActionMask = 2147483647;
			files = (
				371CC2052AFEE884004FE52C /* ContentView.swift in Sources */,
				377185F72B0E59D300680073 /* CategoryView.swift in Sources */,
				370696D62B03A7E900B1D172 /* WishlistView.swift in Sources */,
				377185FB2B0EE9CD00680073 /* CheckoutView.swift in Sources */,
				375F7A492B0150A000070710 /* DetailProductView.swift in Sources */,
				371CC2032AFEE884004FE52C /* ShoppingAppApp.swift in Sources */,
				37A968262AFFCEB400ADBA4A /* ProductsViewModel.swift in Sources */,
				37A968232AFFC9DA00ADBA4A /* Product.swift in Sources */,
				375F7A472B01163600070710 /* ErrorView.swift in Sources */,
				377444982B0C4D7A0051CADB /* LaunchView.swift in Sources */,
				374F674E2B02E944005A959E /* CartView.swift in Sources */,
				374F67482B02A9DE005A959E /* CartViewModel.swift in Sources */,
				3766AAF72B102D3C0011FF4D /* MyAccountView.swift in Sources */,
				370696D42B03A5F000B1D172 /* WishlistViewModel.swift in Sources */,
				374F674C2B02AC7A005A959E /* FileManager.swift in Sources */,
				37A9682C2AFFD6DD00ADBA4A /* AllProductView.swift in Sources */,
				370696D82B03B02900B1D172 /* OrderViewModel.swift in Sources */,
				374F67442B029CC7005A959E /* Order.swift in Sources */,
				37A968292AFFD3A800ADBA4A /* NetworkStore.swift in Sources */,
				377185F92B0EC6F000680073 /* ProductViewByCategory.swift in Sources */,
			);
			runOnlyForDeploymentPostprocessing = 0;
		};
		371CC20B2AFEE887004FE52C /* Sources */ = {
			isa = PBXSourcesBuildPhase;
			buildActionMask = 2147483647;
			files = (
				371CC2142AFEE887004FE52C /* ShoppingAppTests.swift in Sources */,
			);
			runOnlyForDeploymentPostprocessing = 0;
		};
		371CC2152AFEE887004FE52C /* Sources */ = {
			isa = PBXSourcesBuildPhase;
			buildActionMask = 2147483647;
			files = (
				371CC2202AFEE887004FE52C /* ShoppingAppUITestsLaunchTests.swift in Sources */,
				371CC21E2AFEE887004FE52C /* ShoppingAppUITests.swift in Sources */,
			);
			runOnlyForDeploymentPostprocessing = 0;
		};
/* End PBXSourcesBuildPhase section */

/* Begin PBXTargetDependency section */
		371CC2112AFEE887004FE52C /* PBXTargetDependency */ = {
			isa = PBXTargetDependency;
			target = 371CC1FE2AFEE884004FE52C /* ShoppingApp */;
			targetProxy = 371CC2102AFEE887004FE52C /* PBXContainerItemProxy */;
		};
		371CC21B2AFEE887004FE52C /* PBXTargetDependency */ = {
			isa = PBXTargetDependency;
			target = 371CC1FE2AFEE884004FE52C /* ShoppingApp */;
			targetProxy = 371CC21A2AFEE887004FE52C /* PBXContainerItemProxy */;
		};
/* End PBXTargetDependency section */

/* Begin XCBuildConfiguration section */
		371CC2212AFEE887004FE52C /* Debug */ = {
			isa = XCBuildConfiguration;
			buildSettings = {
				ALWAYS_SEARCH_USER_PATHS = NO;
				ASSETCATALOG_COMPILER_GENERATE_SWIFT_ASSET_SYMBOL_EXTENSIONS = YES;
				CLANG_ANALYZER_NONNULL = YES;
				CLANG_ANALYZER_NUMBER_OBJECT_CONVERSION = YES_AGGRESSIVE;
				CLANG_CXX_LANGUAGE_STANDARD = "gnu++20";
				CLANG_ENABLE_MODULES = YES;
				CLANG_ENABLE_OBJC_ARC = YES;
				CLANG_ENABLE_OBJC_WEAK = YES;
				CLANG_WARN_BLOCK_CAPTURE_AUTORELEASING = YES;
				CLANG_WARN_BOOL_CONVERSION = YES;
				CLANG_WARN_COMMA = YES;
				CLANG_WARN_CONSTANT_CONVERSION = YES;
				CLANG_WARN_DEPRECATED_OBJC_IMPLEMENTATIONS = YES;
				CLANG_WARN_DIRECT_OBJC_ISA_USAGE = YES_ERROR;
				CLANG_WARN_DOCUMENTATION_COMMENTS = YES;
				CLANG_WARN_EMPTY_BODY = YES;
				CLANG_WARN_ENUM_CONVERSION = YES;
				CLANG_WARN_INFINITE_RECURSION = YES;
				CLANG_WARN_INT_CONVERSION = YES;
				CLANG_WARN_NON_LITERAL_NULL_CONVERSION = YES;
				CLANG_WARN_OBJC_IMPLICIT_RETAIN_SELF = YES;
				CLANG_WARN_OBJC_LITERAL_CONVERSION = YES;
				CLANG_WARN_OBJC_ROOT_CLASS = YES_ERROR;
				CLANG_WARN_QUOTED_INCLUDE_IN_FRAMEWORK_HEADER = YES;
				CLANG_WARN_RANGE_LOOP_ANALYSIS = YES;
				CLANG_WARN_STRICT_PROTOTYPES = YES;
				CLANG_WARN_SUSPICIOUS_MOVE = YES;
				CLANG_WARN_UNGUARDED_AVAILABILITY = YES_AGGRESSIVE;
				CLANG_WARN_UNREACHABLE_CODE = YES;
				CLANG_WARN__DUPLICATE_METHOD_MATCH = YES;
				COPY_PHASE_STRIP = NO;
				DEBUG_INFORMATION_FORMAT = dwarf;
				ENABLE_STRICT_OBJC_MSGSEND = YES;
				ENABLE_TESTABILITY = YES;
				ENABLE_USER_SCRIPT_SANDBOXING = YES;
				GCC_C_LANGUAGE_STANDARD = gnu17;
				GCC_DYNAMIC_NO_PIC = NO;
				GCC_NO_COMMON_BLOCKS = YES;
				GCC_OPTIMIZATION_LEVEL = 0;
				GCC_PREPROCESSOR_DEFINITIONS = (
					"DEBUG=1",
					"$(inherited)",
				);
				GCC_WARN_64_TO_32_BIT_CONVERSION = YES;
				GCC_WARN_ABOUT_RETURN_TYPE = YES_ERROR;
				GCC_WARN_UNDECLARED_SELECTOR = YES;
				GCC_WARN_UNINITIALIZED_AUTOS = YES_AGGRESSIVE;
				GCC_WARN_UNUSED_FUNCTION = YES;
				GCC_WARN_UNUSED_VARIABLE = YES;
				IPHONEOS_DEPLOYMENT_TARGET = 17.0;
				LOCALIZATION_PREFERS_STRING_CATALOGS = YES;
				MTL_ENABLE_DEBUG_INFO = INCLUDE_SOURCE;
				MTL_FAST_MATH = YES;
				ONLY_ACTIVE_ARCH = YES;
				SDKROOT = iphoneos;
				SWIFT_ACTIVE_COMPILATION_CONDITIONS = "DEBUG $(inherited)";
				SWIFT_OPTIMIZATION_LEVEL = "-Onone";
			};
			name = Debug;
		};
		371CC2222AFEE887004FE52C /* Release */ = {
			isa = XCBuildConfiguration;
			buildSettings = {
				ALWAYS_SEARCH_USER_PATHS = NO;
				ASSETCATALOG_COMPILER_GENERATE_SWIFT_ASSET_SYMBOL_EXTENSIONS = YES;
				CLANG_ANALYZER_NONNULL = YES;
				CLANG_ANALYZER_NUMBER_OBJECT_CONVERSION = YES_AGGRESSIVE;
				CLANG_CXX_LANGUAGE_STANDARD = "gnu++20";
				CLANG_ENABLE_MODULES = YES;
				CLANG_ENABLE_OBJC_ARC = YES;
				CLANG_ENABLE_OBJC_WEAK = YES;
				CLANG_WARN_BLOCK_CAPTURE_AUTORELEASING = YES;
				CLANG_WARN_BOOL_CONVERSION = YES;
				CLANG_WARN_COMMA = YES;
				CLANG_WARN_CONSTANT_CONVERSION = YES;
				CLANG_WARN_DEPRECATED_OBJC_IMPLEMENTATIONS = YES;
				CLANG_WARN_DIRECT_OBJC_ISA_USAGE = YES_ERROR;
				CLANG_WARN_DOCUMENTATION_COMMENTS = YES;
				CLANG_WARN_EMPTY_BODY = YES;
				CLANG_WARN_ENUM_CONVERSION = YES;
				CLANG_WARN_INFINITE_RECURSION = YES;
				CLANG_WARN_INT_CONVERSION = YES;
				CLANG_WARN_NON_LITERAL_NULL_CONVERSION = YES;
				CLANG_WARN_OBJC_IMPLICIT_RETAIN_SELF = YES;
				CLANG_WARN_OBJC_LITERAL_CONVERSION = YES;
				CLANG_WARN_OBJC_ROOT_CLASS = YES_ERROR;
				CLANG_WARN_QUOTED_INCLUDE_IN_FRAMEWORK_HEADER = YES;
				CLANG_WARN_RANGE_LOOP_ANALYSIS = YES;
				CLANG_WARN_STRICT_PROTOTYPES = YES;
				CLANG_WARN_SUSPICIOUS_MOVE = YES;
				CLANG_WARN_UNGUARDED_AVAILABILITY = YES_AGGRESSIVE;
				CLANG_WARN_UNREACHABLE_CODE = YES;
				CLANG_WARN__DUPLICATE_METHOD_MATCH = YES;
				COPY_PHASE_STRIP = NO;
				DEBUG_INFORMATION_FORMAT = "dwarf-with-dsym";
				ENABLE_NS_ASSERTIONS = NO;
				ENABLE_STRICT_OBJC_MSGSEND = YES;
				ENABLE_USER_SCRIPT_SANDBOXING = YES;
				GCC_C_LANGUAGE_STANDARD = gnu17;
				GCC_NO_COMMON_BLOCKS = YES;
				GCC_WARN_64_TO_32_BIT_CONVERSION = YES;
				GCC_WARN_ABOUT_RETURN_TYPE = YES_ERROR;
				GCC_WARN_UNDECLARED_SELECTOR = YES;
				GCC_WARN_UNINITIALIZED_AUTOS = YES_AGGRESSIVE;
				GCC_WARN_UNUSED_FUNCTION = YES;
				GCC_WARN_UNUSED_VARIABLE = YES;
				IPHONEOS_DEPLOYMENT_TARGET = 17.0;
				LOCALIZATION_PREFERS_STRING_CATALOGS = YES;
				MTL_ENABLE_DEBUG_INFO = NO;
				MTL_FAST_MATH = YES;
				SDKROOT = iphoneos;
				SWIFT_COMPILATION_MODE = wholemodule;
				VALIDATE_PRODUCT = YES;
			};
			name = Release;
		};
		371CC2242AFEE887004FE52C /* Debug */ = {
			isa = XCBuildConfiguration;
			buildSettings = {
				ASSETCATALOG_COMPILER_APPICON_NAME = AppIcon;
				ASSETCATALOG_COMPILER_GLOBAL_ACCENT_COLOR_NAME = AccentColor;
				CODE_SIGN_STYLE = Automatic;
				CURRENT_PROJECT_VERSION = 1;
				DEVELOPMENT_ASSET_PATHS = "\"ShoppingApp/Preview Content\"";
				ENABLE_PREVIEWS = YES;
				ENABLE_USER_SCRIPT_SANDBOXING = NO;
				GENERATE_INFOPLIST_FILE = YES;
				INFOPLIST_KEY_CFBundleDisplayName = VelvetVibe;
				INFOPLIST_KEY_UIApplicationSceneManifest_Generation = YES;
				INFOPLIST_KEY_UIApplicationSupportsIndirectInputEvents = YES;
				INFOPLIST_KEY_UILaunchScreen_Generation = YES;
				INFOPLIST_KEY_UISupportedInterfaceOrientations_iPad = "UIInterfaceOrientationPortrait UIInterfaceOrientationPortraitUpsideDown UIInterfaceOrientationLandscapeLeft UIInterfaceOrientationLandscapeRight";
				INFOPLIST_KEY_UISupportedInterfaceOrientations_iPhone = "UIInterfaceOrientationPortrait UIInterfaceOrientationLandscapeLeft UIInterfaceOrientationLandscapeRight";
				LD_RUNPATH_SEARCH_PATHS = (
					"$(inherited)",
					"@executable_path/Frameworks",
				);
				MARKETING_VERSION = 1.0;
				PRODUCT_BUNDLE_IDENTIFIER = me.yadav.dipti.ShoppingApp;
				PRODUCT_NAME = "$(TARGET_NAME)";
				SWIFT_EMIT_LOC_STRINGS = YES;
				SWIFT_VERSION = 5.0;
				TARGETED_DEVICE_FAMILY = "1,2";
			};
			name = Debug;
		};
		371CC2252AFEE887004FE52C /* Release */ = {
			isa = XCBuildConfiguration;
			buildSettings = {
				ASSETCATALOG_COMPILER_APPICON_NAME = AppIcon;
				ASSETCATALOG_COMPILER_GLOBAL_ACCENT_COLOR_NAME = AccentColor;
				CODE_SIGN_STYLE = Automatic;
				CURRENT_PROJECT_VERSION = 1;
				DEVELOPMENT_ASSET_PATHS = "\"ShoppingApp/Preview Content\"";
				ENABLE_PREVIEWS = YES;
				ENABLE_USER_SCRIPT_SANDBOXING = NO;
				GENERATE_INFOPLIST_FILE = YES;
				INFOPLIST_KEY_CFBundleDisplayName = VelvetVibe;
				INFOPLIST_KEY_UIApplicationSceneManifest_Generation = YES;
				INFOPLIST_KEY_UIApplicationSupportsIndirectInputEvents = YES;
				INFOPLIST_KEY_UILaunchScreen_Generation = YES;
				INFOPLIST_KEY_UISupportedInterfaceOrientations_iPad = "UIInterfaceOrientationPortrait UIInterfaceOrientationPortraitUpsideDown UIInterfaceOrientationLandscapeLeft UIInterfaceOrientationLandscapeRight";
				INFOPLIST_KEY_UISupportedInterfaceOrientations_iPhone = "UIInterfaceOrientationPortrait UIInterfaceOrientationLandscapeLeft UIInterfaceOrientationLandscapeRight";
				LD_RUNPATH_SEARCH_PATHS = (
					"$(inherited)",
					"@executable_path/Frameworks",
				);
				MARKETING_VERSION = 1.0;
				PRODUCT_BUNDLE_IDENTIFIER = me.yadav.dipti.ShoppingApp;
				PRODUCT_NAME = "$(TARGET_NAME)";
				SWIFT_EMIT_LOC_STRINGS = YES;
				SWIFT_VERSION = 5.0;
				TARGETED_DEVICE_FAMILY = "1,2";
			};
			name = Release;
		};
		371CC2272AFEE887004FE52C /* Debug */ = {
			isa = XCBuildConfiguration;
			buildSettings = {
				ALWAYS_EMBED_SWIFT_STANDARD_LIBRARIES = YES;
				BUNDLE_LOADER = "$(TEST_HOST)";
				CODE_SIGN_STYLE = Automatic;
				CURRENT_PROJECT_VERSION = 1;
				GENERATE_INFOPLIST_FILE = YES;
				IPHONEOS_DEPLOYMENT_TARGET = 17.0;
				MARKETING_VERSION = 1.0;
				PRODUCT_BUNDLE_IDENTIFIER = me.yadav.dipti.ShoppingAppTests;
				PRODUCT_NAME = "$(TARGET_NAME)";
				SWIFT_EMIT_LOC_STRINGS = NO;
				SWIFT_VERSION = 5.0;
				TARGETED_DEVICE_FAMILY = "1,2";
				TEST_HOST = "$(BUILT_PRODUCTS_DIR)/ShoppingApp.app/$(BUNDLE_EXECUTABLE_FOLDER_PATH)/ShoppingApp";
			};
			name = Debug;
		};
		371CC2282AFEE887004FE52C /* Release */ = {
			isa = XCBuildConfiguration;
			buildSettings = {
				ALWAYS_EMBED_SWIFT_STANDARD_LIBRARIES = YES;
				BUNDLE_LOADER = "$(TEST_HOST)";
				CODE_SIGN_STYLE = Automatic;
				CURRENT_PROJECT_VERSION = 1;
				GENERATE_INFOPLIST_FILE = YES;
				IPHONEOS_DEPLOYMENT_TARGET = 17.0;
				MARKETING_VERSION = 1.0;
				PRODUCT_BUNDLE_IDENTIFIER = me.yadav.dipti.ShoppingAppTests;
				PRODUCT_NAME = "$(TARGET_NAME)";
				SWIFT_EMIT_LOC_STRINGS = NO;
				SWIFT_VERSION = 5.0;
				TARGETED_DEVICE_FAMILY = "1,2";
				TEST_HOST = "$(BUILT_PRODUCTS_DIR)/ShoppingApp.app/$(BUNDLE_EXECUTABLE_FOLDER_PATH)/ShoppingApp";
			};
			name = Release;
		};
		371CC22A2AFEE887004FE52C /* Debug */ = {
			isa = XCBuildConfiguration;
			buildSettings = {
				ALWAYS_EMBED_SWIFT_STANDARD_LIBRARIES = YES;
				CODE_SIGN_STYLE = Automatic;
				CURRENT_PROJECT_VERSION = 1;
				GENERATE_INFOPLIST_FILE = YES;
				MARKETING_VERSION = 1.0;
				PRODUCT_BUNDLE_IDENTIFIER = me.yadav.dipti.ShoppingAppUITests;
				PRODUCT_NAME = "$(TARGET_NAME)";
				SWIFT_EMIT_LOC_STRINGS = NO;
				SWIFT_VERSION = 5.0;
				TARGETED_DEVICE_FAMILY = "1,2";
				TEST_TARGET_NAME = ShoppingApp;
			};
			name = Debug;
		};
		371CC22B2AFEE887004FE52C /* Release */ = {
			isa = XCBuildConfiguration;
			buildSettings = {
				ALWAYS_EMBED_SWIFT_STANDARD_LIBRARIES = YES;
				CODE_SIGN_STYLE = Automatic;
				CURRENT_PROJECT_VERSION = 1;
				GENERATE_INFOPLIST_FILE = YES;
				MARKETING_VERSION = 1.0;
				PRODUCT_BUNDLE_IDENTIFIER = me.yadav.dipti.ShoppingAppUITests;
				PRODUCT_NAME = "$(TARGET_NAME)";
				SWIFT_EMIT_LOC_STRINGS = NO;
				SWIFT_VERSION = 5.0;
				TARGETED_DEVICE_FAMILY = "1,2";
				TEST_TARGET_NAME = ShoppingApp;
			};
			name = Release;
		};
/* End XCBuildConfiguration section */

/* Begin XCConfigurationList section */
		371CC1FA2AFEE884004FE52C /* Build configuration list for PBXProject "ShoppingApp" */ = {
			isa = XCConfigurationList;
			buildConfigurations = (
				371CC2212AFEE887004FE52C /* Debug */,
				371CC2222AFEE887004FE52C /* Release */,
			);
			defaultConfigurationIsVisible = 0;
			defaultConfigurationName = Release;
		};
		371CC2232AFEE887004FE52C /* Build configuration list for PBXNativeTarget "ShoppingApp" */ = {
			isa = XCConfigurationList;
			buildConfigurations = (
				371CC2242AFEE887004FE52C /* Debug */,
				371CC2252AFEE887004FE52C /* Release */,
			);
			defaultConfigurationIsVisible = 0;
			defaultConfigurationName = Release;
		};
		371CC2262AFEE887004FE52C /* Build configuration list for PBXNativeTarget "ShoppingAppTests" */ = {
			isa = XCConfigurationList;
			buildConfigurations = (
				371CC2272AFEE887004FE52C /* Debug */,
				371CC2282AFEE887004FE52C /* Release */,
			);
			defaultConfigurationIsVisible = 0;
			defaultConfigurationName = Release;
		};
		371CC2292AFEE887004FE52C /* Build configuration list for PBXNativeTarget "ShoppingAppUITests" */ = {
			isa = XCConfigurationList;
			buildConfigurations = (
				371CC22A2AFEE887004FE52C /* Debug */,
				371CC22B2AFEE887004FE52C /* Release */,
			);
			defaultConfigurationIsVisible = 0;
			defaultConfigurationName = Release;
		};
/* End XCConfigurationList section */
	};
	rootObject = 371CC1F72AFEE884004FE52C /* Project object */;
}
